// !$*UTF8*$!
{
	archiveVersion = 1;
	classes = {
	};
	objectVersion = 50;
	objects = {

/* Begin PBXBuildFile section */
		24C3716625121BEC00840F57 /* nobita.jpg in Resources */ = {isa = PBXBuildFile; fileRef = 24C3716325121BEC00840F57 /* nobita.jpg */; };
		24C3716725121BEC00840F57 /* shizuka.jpg in Resources */ = {isa = PBXBuildFile; fileRef = 24C3716425121BEC00840F57 /* shizuka.jpg */; };
		24C3716825121BEC00840F57 /* suneo.jpg in Resources */ = {isa = PBXBuildFile; fileRef = 24C3716525121BEC00840F57 /* suneo.jpg */; };
		24C3716A25121BF600840F57 /* doraemon.jpg in Resources */ = {isa = PBXBuildFile; fileRef = 24C3716925121BF600840F57 /* doraemon.jpg */; };
		24C3716C25121BFE00840F57 /* takeshi.jpg in Resources */ = {isa = PBXBuildFile; fileRef = 24C3716B25121BFE00840F57 /* takeshi.jpg */; };
		3154E48C24F670E600F99AE2 /* AppDelegate.swift in Sources */ = {isa = PBXBuildFile; fileRef = 3154E48B24F670E600F99AE2 /* AppDelegate.swift */; };
		3154E48E24F670E600F99AE2 /* SceneDelegate.swift in Sources */ = {isa = PBXBuildFile; fileRef = 3154E48D24F670E600F99AE2 /* SceneDelegate.swift */; };
		3154E49024F670E600F99AE2 /* ViewController.swift in Sources */ = {isa = PBXBuildFile; fileRef = 3154E48F24F670E600F99AE2 /* ViewController.swift */; };
		3154E49324F670E600F99AE2 /* Main.storyboard in Resources */ = {isa = PBXBuildFile; fileRef = 3154E49124F670E600F99AE2 /* Main.storyboard */; };
		3154E49524F670E800F99AE2 /* Assets.xcassets in Resources */ = {isa = PBXBuildFile; fileRef = 3154E49424F670E800F99AE2 /* Assets.xcassets */; };
		3154E49824F670E800F99AE2 /* LaunchScreen.storyboard in Resources */ = {isa = PBXBuildFile; fileRef = 3154E49624F670E800F99AE2 /* LaunchScreen.storyboard */; };
		3154E4A124F6710E00F99AE2 /* IntroduceTableViewCell.xib in Resources */ = {isa = PBXBuildFile; fileRef = 3154E49F24F6710E00F99AE2 /* IntroduceTableViewCell.xib */; };
		3154E4A224F6710E00F99AE2 /* IntroduceTableViewCell.swift in Sources */ = {isa = PBXBuildFile; fileRef = 3154E4A024F6710E00F99AE2 /* IntroduceTableViewCell.swift */; };
/* End PBXBuildFile section */

/* Begin PBXFileReference section */
		24C3716325121BEC00840F57 /* nobita.jpg */ = {isa = PBXFileReference; lastKnownFileType = image.jpeg; path = nobita.jpg; sourceTree = "<group>"; };
		24C3716425121BEC00840F57 /* shizuka.jpg */ = {isa = PBXFileReference; lastKnownFileType = image.jpeg; path = shizuka.jpg; sourceTree = "<group>"; };
		24C3716525121BEC00840F57 /* suneo.jpg */ = {isa = PBXFileReference; lastKnownFileType = image.jpeg; path = suneo.jpg; sourceTree = "<group>"; };
		24C3716925121BF600840F57 /* doraemon.jpg */ = {isa = PBXFileReference; lastKnownFileType = image.jpeg; path = doraemon.jpg; sourceTree = "<group>"; };
		24C3716B25121BFE00840F57 /* takeshi.jpg */ = {isa = PBXFileReference; lastKnownFileType = image.jpeg; path = takeshi.jpg; sourceTree = "<group>"; };
		3154E48824F670E600F99AE2 /* TableView_Zemi.app */ = {isa = PBXFileReference; explicitFileType = wrapper.application; includeInIndex = 0; path = TableView_Zemi.app; sourceTree = BUILT_PRODUCTS_DIR; };
		3154E48B24F670E600F99AE2 /* AppDelegate.swift */ = {isa = PBXFileReference; lastKnownFileType = sourcecode.swift; path = AppDelegate.swift; sourceTree = "<group>"; };
		3154E48D24F670E600F99AE2 /* SceneDelegate.swift */ = {isa = PBXFileReference; lastKnownFileType = sourcecode.swift; path = SceneDelegate.swift; sourceTree = "<group>"; };
		3154E48F24F670E600F99AE2 /* ViewController.swift */ = {isa = PBXFileReference; lastKnownFileType = sourcecode.swift; path = ViewController.swift; sourceTree = "<group>"; };
		3154E49224F670E600F99AE2 /* Base */ = {isa = PBXFileReference; lastKnownFileType = file.storyboard; name = Base; path = Base.lproj/Main.storyboard; sourceTree = "<group>"; };
		3154E49424F670E800F99AE2 /* Assets.xcassets */ = {isa = PBXFileReference; lastKnownFileType = folder.assetcatalog; path = Assets.xcassets; sourceTree = "<group>"; };
		3154E49724F670E800F99AE2 /* Base */ = {isa = PBXFileReference; lastKnownFileType = file.storyboard; name = Base; path = Base.lproj/LaunchScreen.storyboard; sourceTree = "<group>"; };
		3154E49924F670E800F99AE2 /* Info.plist */ = {isa = PBXFileReference; lastKnownFileType = text.plist.xml; path = Info.plist; sourceTree = "<group>"; };
		3154E49F24F6710E00F99AE2 /* IntroduceTableViewCell.xib */ = {isa = PBXFileReference; fileEncoding = 4; lastKnownFileType = file.xib; path = IntroduceTableViewCell.xib; sourceTree = "<group>"; };
		3154E4A024F6710E00F99AE2 /* IntroduceTableViewCell.swift */ = {isa = PBXFileReference; fileEncoding = 4; lastKnownFileType = sourcecode.swift; path = IntroduceTableViewCell.swift; sourceTree = "<group>"; };
/* End PBXFileReference section */

/* Begin PBXFrameworksBuildPhase section */
		3154E48524F670E600F99AE2 /* Frameworks */ = {
			isa = PBXFrameworksBuildPhase;
			buildActionMask = 2147483647;
			files = (
			);
			runOnlyForDeploymentPostprocessing = 0;
		};
/* End PBXFrameworksBuildPhase section */

/* Begin PBXGroup section */
		3154E47F24F670E600F99AE2 = {
			isa = PBXGroup;
			children = (
				3154E48A24F670E600F99AE2 /* TableView_Zemi */,
				3154E48924F670E600F99AE2 /* Products */,
			);
			sourceTree = "<group>";
		};
		3154E48924F670E600F99AE2 /* Products */ = {
			isa = PBXGroup;
			children = (
				3154E48824F670E600F99AE2 /* TableView_Zemi.app */,
			);
			name = Products;
			sourceTree = "<group>";
		};
		3154E48A24F670E600F99AE2 /* TableView_Zemi */ = {
			isa = PBXGroup;
			children = (
				3154E48B24F670E600F99AE2 /* AppDelegate.swift */,
				3154E48D24F670E600F99AE2 /* SceneDelegate.swift */,
				3154E48F24F670E600F99AE2 /* ViewController.swift */,
				3154E4A024F6710E00F99AE2 /* IntroduceTableViewCell.swift */,
				3154E49F24F6710E00F99AE2 /* IntroduceTableViewCell.xib */,
				3154E49124F670E600F99AE2 /* Main.storyboard */,
				24C3716325121BEC00840F57 /* nobita.jpg */,
				24C3716925121BF600840F57 /* doraemon.jpg */,
				24C3716B25121BFE00840F57 /* takeshi.jpg */,
				24C3716425121BEC00840F57 /* shizuka.jpg */,
				24C3716525121BEC00840F57 /* suneo.jpg */,
				3154E49424F670E800F99AE2 /* Assets.xcassets */,
				3154E49624F670E800F99AE2 /* LaunchScreen.storyboard */,
				3154E49924F670E800F99AE2 /* Info.plist */,
			);
			path = TableView_Zemi;
			sourceTree = "<group>";
		};
/* End PBXGroup section */

/* Begin PBXNativeTarget section */
		3154E48724F670E600F99AE2 /* TableView_Zemi */ = {
			isa = PBXNativeTarget;
			buildConfigurationList = 3154E49C24F670E800F99AE2 /* Build configuration list for PBXNativeTarget "TableView_Zemi" */;
			buildPhases = (
				3154E48424F670E600F99AE2 /* Sources */,
				3154E48524F670E600F99AE2 /* Frameworks */,
				3154E48624F670E600F99AE2 /* Resources */,
			);
			buildRules = (
			);
			dependencies = (
			);
			name = TableView_Zemi;
			productName = TableView_Zemi;
			productReference = 3154E48824F670E600F99AE2 /* TableView_Zemi.app */;
			productType = "com.apple.product-type.application";
		};
/* End PBXNativeTarget section */

/* Begin PBXProject section */
		3154E48024F670E600F99AE2 /* Project object */ = {
			isa = PBXProject;
			attributes = {
				LastSwiftUpdateCheck = 1130;
				LastUpgradeCheck = 1130;
				ORGANIZATIONNAME = Riku_Yanagimachi;
				TargetAttributes = {
					3154E48724F670E600F99AE2 = {
						CreatedOnToolsVersion = 11.3.1;
					};
				};
			};
			buildConfigurationList = 3154E48324F670E600F99AE2 /* Build configuration list for PBXProject "TableView_Zemi" */;
			compatibilityVersion = "Xcode 9.3";
			developmentRegion = en;
			hasScannedForEncodings = 0;
			knownRegions = (
				en,
				Base,
			);
			mainGroup = 3154E47F24F670E600F99AE2;
			productRefGroup = 3154E48924F670E600F99AE2 /* Products */;
			projectDirPath = "";
			projectRoot = "";
			targets = (
				3154E48724F670E600F99AE2 /* TableView_Zemi */,
			);
		};
/* End PBXProject section */

/* Begin PBXResourcesBuildPhase section */
		3154E48624F670E600F99AE2 /* Resources */ = {
			isa = PBXResourcesBuildPhase;
			buildActionMask = 2147483647;
			files = (
				24C3716A25121BF600840F57 /* doraemon.jpg in Resources */,
				24C3716825121BEC00840F57 /* suneo.jpg in Resources */,
				3154E49824F670E800F99AE2 /* LaunchScreen.storyboard in Resources */,
				3154E49524F670E800F99AE2 /* Assets.xcassets in Resources */,
				24C3716625121BEC00840F57 /* nobita.jpg in Resources */,
				3154E49324F670E600F99AE2 /* Main.storyboard in Resources */,
				24C3716C25121BFE00840F57 /* takeshi.jpg in Resources */,
				3154E4A124F6710E00F99AE2 /* IntroduceTableViewCell.xib in Resources */,
				24C3716725121BEC00840F57 /* shizuka.jpg in Resources */,
			);
			runOnlyForDeploymentPostprocessing = 0;
		};
/* End PBXResourcesBuildPhase section */

/* Begin PBXSourcesBuildPhase section */
		3154E48424F670E600F99AE2 /* Sources */ = {
			isa = PBXSourcesBuildPhase;
			buildActionMask = 2147483647;
			files = (
				3154E49024F670E600F99AE2 /* ViewController.swift in Sources */,
				3154E48C24F670E600F99AE2 /* AppDelegate.swift in Sources */,
				3154E48E24F670E600F99AE2 /* SceneDelegate.swift in Sources */,
				3154E4A224F6710E00F99AE2 /* IntroduceTableViewCell.swift in Sources */,
			);
			runOnlyForDeploymentPostprocessing = 0;
		};
/* End PBXSourcesBuildPhase section */

/* Begin PBXVariantGroup section */
		3154E49124F670E600F99AE2 /* Main.storyboard */ = {
			isa = PBXVariantGroup;
			children = (
				3154E49224F670E600F99AE2 /* Base */,
			);
			name = Main.storyboard;
			sourceTree = "<group>";
		};
		3154E49624F670E800F99AE2 /* LaunchScreen.storyboard */ = {
			isa = PBXVariantGroup;
			children = (
				3154E49724F670E800F99AE2 /* Base */,
			);
			name = LaunchScreen.storyboard;
			sourceTree = "<group>";
		};
/* End PBXVariantGroup section */

/* Begin XCBuildConfiguration section */
		3154E49A24F670E800F99AE2 /* Debug */ = {
			isa = XCBuildConfiguration;
			buildSettings = {
				ALWAYS_SEARCH_USER_PATHS = NO;
				CLANG_ANALYZER_NONNULL = YES;
				CLANG_ANALYZER_NUMBER_OBJECT_CONVERSION = YES_AGGRESSIVE;
				CLANG_CXX_LANGUAGE_STANDARD = "gnu++14";
				CLANG_CXX_LIBRARY = "libc++";
				CLANG_ENABLE_MODULES = YES;
				CLANG_ENABLE_OBJC_ARC = YES;
				CLANG_ENABLE_OBJC_WEAK = YES;
				CLANG_WARN_BLOCK_CAPTURE_AUTORELEASING = YES;
				CLANG_WARN_BOOL_CONVERSION = YES;
				CLANG_WARN_COMMA = YES;
				CLANG_WARN_CONSTANT_CONVERSION = YES;
				CLANG_WARN_DEPRECATED_OBJC_IMPLEMENTATIONS = YES;
				CLANG_WARN_DIRECT_OBJC_ISA_USAGE = YES_ERROR;
				CLANG_WARN_DOCUMENTATION_COMMENTS = YES;
				CLANG_WARN_EMPTY_BODY = YES;
				CLANG_WARN_ENUM_CONVERSION = YES;
				CLANG_WARN_INFINITE_RECURSION = YES;
				CLANG_WARN_INT_CONVERSION = YES;
				CLANG_WARN_NON_LITERAL_NULL_CONVERSION = YES;
				CLANG_WARN_OBJC_IMPLICIT_RETAIN_SELF = YES;
				CLANG_WARN_OBJC_LITERAL_CONVERSION = YES;
				CLANG_WARN_OBJC_ROOT_CLASS = YES_ERROR;
				CLANG_WARN_RANGE_LOOP_ANALYSIS = YES;
				CLANG_WARN_STRICT_PROTOTYPES = YES;
				CLANG_WARN_SUSPICIOUS_MOVE = YES;
				CLANG_WARN_UNGUARDED_AVAILABILITY = YES_AGGRESSIVE;
				CLANG_WARN_UNREACHABLE_CODE = YES;
				CLANG_WARN__DUPLICATE_METHOD_MATCH = YES;
				COPY_PHASE_STRIP = NO;
				DEBUG_INFORMATION_FORMAT = dwarf;
				ENABLE_STRICT_OBJC_MSGSEND = YES;
				ENABLE_TESTABILITY = YES;
				GCC_C_LANGUAGE_STANDARD = gnu11;
				GCC_DYNAMIC_NO_PIC = NO;
				GCC_NO_COMMON_BLOCKS = YES;
				GCC_OPTIMIZATION_LEVEL = 0;
				GCC_PREPROCESSOR_DEFINITIONS = (
					"DEBUG=1",
					"$(inherited)",
				);
				GCC_WARN_64_TO_32_BIT_CONVERSION = YES;
				GCC_WARN_ABOUT_RETURN_TYPE = YES_ERROR;
				GCC_WARN_UNDECLARED_SELECTOR = YES;
				GCC_WARN_UNINITIALIZED_AUTOS = YES_AGGRESSIVE;
				GCC_WARN_UNUSED_FUNCTION = YES;
				GCC_WARN_UNUSED_VARIABLE = YES;
				IPHONEOS_DEPLOYMENT_TARGET = 13.2;
				MTL_ENABLE_DEBUG_INFO = INCLUDE_SOURCE;
				MTL_FAST_MATH = YES;
				ONLY_ACTIVE_ARCH = YES;
				SDKROOT = iphoneos;
				SWIFT_ACTIVE_COMPILATION_CONDITIONS = DEBUG;
				SWIFT_OPTIMIZATION_LEVEL = "-Onone";
			};
			name = Debug;
		};
		3154E49B24F670E800F99AE2 /* Release */ = {
			isa = XCBuildConfiguration;
			buildSettings = {
				ALWAYS_SEARCH_USER_PATHS = NO;
				CLANG_ANALYZER_NONNULL = YES;
				CLANG_ANALYZER_NUMBER_OBJECT_CONVERSION = YES_AGGRESSIVE;
				CLANG_CXX_LANGUAGE_STANDARD = "gnu++14";
				CLANG_CXX_LIBRARY = "libc++";
				CLANG_ENABLE_MODULES = YES;
				CLANG_ENABLE_OBJC_ARC = YES;
				CLANG_ENABLE_OBJC_WEAK = YES;
				CLANG_WARN_BLOCK_CAPTURE_AUTORELEASING = YES;
				CLANG_WARN_BOOL_CONVERSION = YES;
				CLANG_WARN_COMMA = YES;
				CLANG_WARN_CONSTANT_CONVERSION = YES;
				CLANG_WARN_DEPRECATED_OBJC_IMPLEMENTATIONS = YES;
				CLANG_WARN_DIRECT_OBJC_ISA_USAGE = YES_ERROR;
				CLANG_WARN_DOCUMENTATION_COMMENTS = YES;
				CLANG_WARN_EMPTY_BODY = YES;
				CLANG_WARN_ENUM_CONVERSION = YES;
				CLANG_WARN_INFINITE_RECURSION = YES;
				CLANG_WARN_INT_CONVERSION = YES;
				CLANG_WARN_NON_LITERAL_NULL_CONVERSION = YES;
				CLANG_WARN_OBJC_IMPLICIT_RETAIN_SELF = YES;
				CLANG_WARN_OBJC_LITERAL_CONVERSION = YES;
				CLANG_WARN_OBJC_ROOT_CLASS = YES_ERROR;
				CLANG_WARN_RANGE_LOOP_ANALYSIS = YES;
				CLANG_WARN_STRICT_PROTOTYPES = YES;
				CLANG_WARN_SUSPICIOUS_MOVE = YES;
				CLANG_WARN_UNGUARDED_AVAILABILITY = YES_AGGRESSIVE;
				CLANG_WARN_UNREACHABLE_CODE = YES;
				CLANG_WARN__DUPLICATE_METHOD_MATCH = YES;
				COPY_PHASE_STRIP = NO;
				DEBUG_INFORMATION_FORMAT = "dwarf-with-dsym";
				ENABLE_NS_ASSERTIONS = NO;
				ENABLE_STRICT_OBJC_MSGSEND = YES;
				GCC_C_LANGUAGE_STANDARD = gnu11;
				GCC_NO_COMMON_BLOCKS = YES;
				GCC_WARN_64_TO_32_BIT_CONVERSION = YES;
				GCC_WARN_ABOUT_RETURN_TYPE = YES_ERROR;
				GCC_WARN_UNDECLARED_SELECTOR = YES;
				GCC_WARN_UNINITIALIZED_AUTOS = YES_AGGRESSIVE;
				GCC_WARN_UNUSED_FUNCTION = YES;
				GCC_WARN_UNUSED_VARIABLE = YES;
				IPHONEOS_DEPLOYMENT_TARGET = 13.2;
				MTL_ENABLE_DEBUG_INFO = NO;
				MTL_FAST_MATH = YES;
				SDKROOT = iphoneos;
				SWIFT_COMPILATION_MODE = wholemodule;
				SWIFT_OPTIMIZATION_LEVEL = "-O";
				VALIDATE_PRODUCT = YES;
			};
			name = Release;
		};
		3154E49D24F670E800F99AE2 /* Debug */ = {
			isa = XCBuildConfiguration;
			buildSettings = {
				ASSETCATALOG_COMPILER_APPICON_NAME = AppIcon;
				CODE_SIGN_STYLE = Automatic;
				DEVELOPMENT_TEAM = 249MRRL5MK;
				INFOPLIST_FILE = TableView_Zemi/Info.plist;
				LD_RUNPATH_SEARCH_PATHS = (
					"$(inherited)",
					"@executable_path/Frameworks",
				);
				PRODUCT_BUNDLE_IDENTIFIER = "---.TableView-Zemi";
				PRODUCT_NAME = "$(TARGET_NAME)";
				SWIFT_VERSION = 5.0;
				TARGETED_DEVICE_FAMILY = "1,2";
			};
			name = Debug;
		};
		3154E49E24F670E800F99AE2 /* Release */ = {
			isa = XCBuildConfiguration;
			buildSettings = {
				ASSETCATALOG_COMPILER_APPICON_NAME = AppIcon;
				CODE_SIGN_STYLE = Automatic;
				DEVELOPMENT_TEAM = 249MRRL5MK;
				INFOPLIST_FILE = TableView_Zemi/Info.plist;
				LD_RUNPATH_SEARCH_PATHS = (
					"$(inherited)",
					"@executable_path/Frameworks",
				);
				PRODUCT_BUNDLE_IDENTIFIER = "---.TableView-Zemi";
				PRODUCT_NAME = "$(TARGET_NAME)";
				SWIFT_VERSION = 5.0;
				TARGETED_DEVICE_FAMILY = "1,2";
			};
			name = Release;
		};
/* End XCBuildConfiguration section */

/* Begin XCConfigurationList section */
		3154E48324F670E600F99AE2 /* Build configuration list for PBXProject "TableView_Zemi" */ = {
			isa = XCConfigurationList;
			buildConfigurations = (
				3154E49A24F670E800F99AE2 /* Debug */,
				3154E49B24F670E800F99AE2 /* Release */,
			);
			defaultConfigurationIsVisible = 0;
			defaultConfigurationName = Release;
		};
		3154E49C24F670E800F99AE2 /* Build configuration list for PBXNativeTarget "TableView_Zemi" */ = {
			isa = XCConfigurationList;
			buildConfigurations = (
				3154E49D24F670E800F99AE2 /* Debug */,
				3154E49E24F670E800F99AE2 /* Release */,
			);
			defaultConfigurationIsVisible = 0;
			defaultConfigurationName = Release;
		};
/* End XCConfigurationList section */
	};
	rootObject = 3154E48024F670E600F99AE2 /* Project object */;
}
